
Microsoft Visual Studio Solution File, Format Version 12.00
# Visual Studio Version 16
VisualStudioVersion = 16.0.30406.217
MinimumVisualStudioVersion = 10.0.40219.1
Project("{FAE04EC0-301F-11D3-BF4B-00C04F79EFBC}") = "ServidorPeliculas", "ServidorPeliculas\ServidorPeliculas.csproj", "{314E03D3-B0D4-462B-812A-DFED3AC2F83D}"
EndProject
Global
	GlobalSection(SolutionConfigurationPlatforms) = preSolution
		Debug|Any CPU = Debug|Any CPU
		Release|Any CPU = Release|Any CPU
	EndGlobalSection
	GlobalSection(ProjectConfigurationPlatforms) = postSolution
		{314E03D3-B0D4-462B-812A-DFED3AC2F83D}.Debug|Any CPU.ActiveCfg = Debug|Any CPU
		{314E03D3-B0D4-462B-812A-DFED3AC2F83D}.Debug|Any CPU.Build.0 = Debug|Any CPU
		{314E03D3-B0D4-462B-812A-DFED3AC2F83D}.Release|Any CPU.ActiveCfg = Release|Any CPU
		{314E03D3-B0D4-462B-812A-DFED3AC2F83D}.Release|Any CPU.Build.0 = Release|Any CPU
	EndGlobalSection
	GlobalSection(SolutionProperties) = preSolution
		HideSolutionNode = FALSE
	EndGlobalSection
	GlobalSection(ExtensibilityGlobals) = postSolution
		SolutionGuid = {4E8D0DC2-E734-4890-A6F9-A097BA015AC3}
	EndGlobalSection
EndGlobal
